
Microsoft Visual Studio Solution File, Format Version 12.00
# Visual Studio Version 17
VisualStudioVersion = 17.7.34031.279
MinimumVisualStudioVersion = 10.0.40219.1
Project("{FAE04EC0-301F-11D3-BF4B-00C04F79EFBC}") = "inventory_ManagementSystem", "inventory_ManagementSystem.csproj", "{7AC53E89-184E-48BF-86EA-453790DED8CA}"
EndProject
Global
	GlobalSection(SolutionConfigurationPlatforms) = preSolution
		Debug|Any CPU = Debug|Any CPU
		Release|Any CPU = Release|Any CPU
	EndGlobalSection
	GlobalSection(ProjectConfigurationPlatforms) = postSolution
		{7AC53E89-184E-48BF-86EA-453790DED8CA}.Debug|Any CPU.ActiveCfg = Debug|Any CPU
		{7AC53E89-184E-48BF-86EA-453790DED8CA}.Debug|Any CPU.Build.0 = Debug|Any CPU
		{7AC53E89-184E-48BF-86EA-453790DED8CA}.Release|Any CPU.ActiveCfg = Release|Any CPU
		{7AC53E89-184E-48BF-86EA-453790DED8CA}.Release|Any CPU.Build.0 = Release|Any CPU
	EndGlobalSection
	GlobalSection(SolutionProperties) = preSolution
		HideSolutionNode = FALSE
	EndGlobalSection
	GlobalSection(ExtensibilityGlobals) = postSolution
		SolutionGuid = {06D3000B-6E3C-4F08-9DDC-BF04B29944E6}
	EndGlobalSection
EndGlobal
